
Microsoft Visual Studio Solution File, Format Version 12.00
# Visual Studio Version 16
VisualStudioVersion = 16.0.30503.244
MinimumVisualStudioVersion = 10.0.40219.1
Project("{FAE04EC0-301F-11D3-BF4B-00C04F79EFBC}") = "TLOZ.UWP", "TLOZ\TLOZ.UWP\TLOZ.UWP.csproj", "{E4126812-69AF-46F9-9E64-C6E0F2D9C8CC}"
EndProject
Project("{FAE04EC0-301F-11D3-BF4B-00C04F79EFBC}") = "TLOZ.Android", "TLOZ\TLOZ.Android\TLOZ.Android.csproj", "{89A0B35B-0C34-4BC0-BC7A-FC2EE2E2BC37}"
EndProject
Project("{FAE04EC0-301F-11D3-BF4B-00C04F79EFBC}") = "TLOZ.iOS", "TLOZ\TLOZ.iOS\TLOZ.iOS.csproj", "{C83007A0-0269-44C8-BE6F-1F1D57AE3221}"
EndProject
Project("{FAE04EC0-301F-11D3-BF4B-00C04F79EFBC}") = "TLOZ", "TLOZ\TLOZ\TLOZ.csproj", "{F870B8BB-E411-4A27-9B38-D2445F96BB36}"
EndProject
Global
	GlobalSection(SolutionConfigurationPlatforms) = preSolution
		Debug|Any CPU = Debug|Any CPU
		Debug|ARM = Debug|ARM
		Debug|iPhone = Debug|iPhone
		Debug|iPhoneSimulator = Debug|iPhoneSimulator
		Debug|x64 = Debug|x64
		Debug|x86 = Debug|x86
		Release|Any CPU = Release|Any CPU
		Release|ARM = Release|ARM
		Release|iPhone = Release|iPhone
		Release|iPhoneSimulator = Release|iPhoneSimulator
		Release|x64 = Release|x64
		Release|x86 = Release|x86
	EndGlobalSection
	GlobalSection(ProjectConfigurationPlatforms) = postSolution
		{E4126812-69AF-46F9-9E64-C6E0F2D9C8CC}.Debug|Any CPU.ActiveCfg = Debug|x86
		{E4126812-69AF-46F9-9E64-C6E0F2D9C8CC}.Debug|Any CPU.Build.0 = Debug|x86
		{E4126812-69AF-46F9-9E64-C6E0F2D9C8CC}.Debug|Any CPU.Deploy.0 = Debug|x86
		{E4126812-69AF-46F9-9E64-C6E0F2D9C8CC}.Debug|ARM.ActiveCfg = Debug|ARM
		{E4126812-69AF-46F9-9E64-C6E0F2D9C8CC}.Debug|ARM.Build.0 = Debug|ARM
		{E4126812-69AF-46F9-9E64-C6E0F2D9C8CC}.Debug|ARM.Deploy.0 = Debug|ARM
		{E4126812-69AF-46F9-9E64-C6E0F2D9C8CC}.Debug|iPhone.ActiveCfg = Debug|x86
		{E4126812-69AF-46F9-9E64-C6E0F2D9C8CC}.Debug|iPhone.Build.0 = Debug|x86
		{E4126812-69AF-46F9-9E64-C6E0F2D9C8CC}.Debug|iPhone.Deploy.0 = Debug|x86
		{E4126812-69AF-46F9-9E64-C6E0F2D9C8CC}.Debug|iPhoneSimulator.ActiveCfg = Debug|x86
		{E4126812-69AF-46F9-9E64-C6E0F2D9C8CC}.Debug|iPhoneSimulator.Build.0 = Debug|x86
		{E4126812-69AF-46F9-9E64-C6E0F2D9C8CC}.Debug|iPhoneSimulator.Deploy.0 = Debug|x86
		{E4126812-69AF-46F9-9E64-C6E0F2D9C8CC}.Debug|x64.ActiveCfg = Debug|x64
		{E4126812-69AF-46F9-9E64-C6E0F2D9C8CC}.Debug|x64.Build.0 = Debug|x64
		{E4126812-69AF-46F9-9E64-C6E0F2D9C8CC}.Debug|x64.Deploy.0 = Debug|x64
		{E4126812-69AF-46F9-9E64-C6E0F2D9C8CC}.Debug|x86.ActiveCfg = Debug|x86
		{E4126812-69AF-46F9-9E64-C6E0F2D9C8CC}.Debug|x86.Build.0 = Debug|x86
		{E4126812-69AF-46F9-9E64-C6E0F2D9C8CC}.Debug|x86.Deploy.0 = Debug|x86
		{E4126812-69AF-46F9-9E64-C6E0F2D9C8CC}.Release|Any CPU.ActiveCfg = Release|x86
		{E4126812-69AF-46F9-9E64-C6E0F2D9C8CC}.Release|Any CPU.Build.0 = Release|x86
		{E4126812-69AF-46F9-9E64-C6E0F2D9C8CC}.Release|Any CPU.Deploy.0 = Release|x86
		{E4126812-69AF-46F9-9E64-C6E0F2D9C8CC}.Release|ARM.ActiveCfg = Release|ARM
		{E4126812-69AF-46F9-9E64-C6E0F2D9C8CC}.Release|ARM.Build.0 = Release|ARM
		{E4126812-69AF-46F9-9E64-C6E0F2D9C8CC}.Release|ARM.Deploy.0 = Release|ARM
		{E4126812-69AF-46F9-9E64-C6E0F2D9C8CC}.Release|iPhone.ActiveCfg = Release|x86
		{E4126812-69AF-46F9-9E64-C6E0F2D9C8CC}.Release|iPhone.Build.0 = Release|x86
		{E4126812-69AF-46F9-9E64-C6E0F2D9C8CC}.Release|iPhone.Deploy.0 = Release|x86
		{E4126812-69AF-46F9-9E64-C6E0F2D9C8CC}.Release|iPhoneSimulator.ActiveCfg = Release|x86
		{E4126812-69AF-46F9-9E64-C6E0F2D9C8CC}.Release|iPhoneSimulator.Build.0 = Release|x86
		{E4126812-69AF-46F9-9E64-C6E0F2D9C8CC}.Release|iPhoneSimulator.Deploy.0 = Release|x86
		{E4126812-69AF-46F9-9E64-C6E0F2D9C8CC}.Release|x64.ActiveCfg = Release|x64
		{E4126812-69AF-46F9-9E64-C6E0F2D9C8CC}.Release|x64.Build.0 = Release|x64
		{E4126812-69AF-46F9-9E64-C6E0F2D9C8CC}.Release|x64.Deploy.0 = Release|x64
		{E4126812-69AF-46F9-9E64-C6E0F2D9C8CC}.Release|x86.ActiveCfg = Release|x86
		{E4126812-69AF-46F9-9E64-C6E0F2D9C8CC}.Release|x86.Build.0 = Release|x86
		{E4126812-69AF-46F9-9E64-C6E0F2D9C8CC}.Release|x86.Deploy.0 = Release|x86
		{89A0B35B-0C34-4BC0-BC7A-FC2EE2E2BC37}.Debug|Any CPU.ActiveCfg = Debug|Any CPU
		{89A0B35B-0C34-4BC0-BC7A-FC2EE2E2BC37}.Debug|Any CPU.Build.0 = Debug|Any CPU
		{89A0B35B-0C34-4BC0-BC7A-FC2EE2E2BC37}.Debug|Any CPU.Deploy.0 = Debug|Any CPU
		{89A0B35B-0C34-4BC0-BC7A-FC2EE2E2BC37}.Debug|ARM.ActiveCfg = Debug|Any CPU
		{89A0B35B-0C34-4BC0-BC7A-FC2EE2E2BC37}.Debug|ARM.Build.0 = Debug|Any CPU
		{89A0B35B-0C34-4BC0-BC7A-FC2EE2E2BC37}.Debug|ARM.Deploy.0 = Debug|Any CPU
		{89A0B35B-0C34-4BC0-BC7A-FC2EE2E2BC37}.Debug|iPhone.ActiveCfg = Debug|Any CPU
		{89A0B35B-0C34-4BC0-BC7A-FC2EE2E2BC37}.Debug|iPhone.Build.0 = Debug|Any CPU
		{89A0B35B-0C34-4BC0-BC7A-FC2EE2E2BC37}.Debug|iPhone.Deploy.0 = Debug|Any CPU
		{89A0B35B-0C34-4BC0-BC7A-FC2EE2E2BC37}.Debug|iPhoneSimulator.ActiveCfg = Debug|Any CPU
		{89A0B35B-0C34-4BC0-BC7A-FC2EE2E2BC37}.Debug|iPhoneSimulator.Build.0 = Debug|Any CPU
		{89A0B35B-0C34-4BC0-BC7A-FC2EE2E2BC37}.Debug|iPhoneSimulator.Deploy.0 = Debug|Any CPU
		{89A0B35B-0C34-4BC0-BC7A-FC2EE2E2BC37}.Debug|x64.ActiveCfg = Debug|Any CPU
		{89A0B35B-0C34-4BC0-BC7A-FC2EE2E2BC37}.Debug|x64.Build.0 = Debug|Any CPU
		{89A0B35B-0C34-4BC0-BC7A-FC2EE2E2BC37}.Debug|x64.Deploy.0 = Debug|Any CPU
		{89A0B35B-0C34-4BC0-BC7A-FC2EE2E2BC37}.Debug|x86.ActiveCfg = Debug|Any CPU
		{89A0B35B-0C34-4BC0-BC7A-FC2EE2E2BC37}.Debug|x86.Build.0 = Debug|Any CPU
		{89A0B35B-0C34-4BC0-BC7A-FC2EE2E2BC37}.Debug|x86.Deploy.0 = Debug|Any CPU
		{89A0B35B-0C34-4BC0-BC7A-FC2EE2E2BC37}.Release|Any CPU.ActiveCfg = Release|Any CPU
		{89A0B35B-0C34-4BC0-BC7A-FC2EE2E2BC37}.Release|Any CPU.Build.0 = Release|Any CPU
		{89A0B35B-0C34-4BC0-BC7A-FC2EE2E2BC37}.Release|Any CPU.Deploy.0 = Release|Any CPU
		{89A0B35B-0C34-4BC0-BC7A-FC2EE2E2BC37}.Release|ARM.ActiveCfg = Release|Any CPU
		{89A0B35B-0C34-4BC0-BC7A-FC2EE2E2BC37}.Release|ARM.Build.0 = Release|Any CPU
		{89A0B35B-0C34-4BC0-BC7A-FC2EE2E2BC37}.Release|ARM.Deploy.0 = Release|Any CPU
		{89A0B35B-0C34-4BC0-BC7A-FC2EE2E2BC37}.Release|iPhone.ActiveCfg = Release|Any CPU
		{89A0B35B-0C34-4BC0-BC7A-FC2EE2E2BC37}.Release|iPhone.Build.0 = Release|Any CPU
		{89A0B35B-0C34-4BC0-BC7A-FC2EE2E2BC37}.Release|iPhone.Deploy.0 = Release|Any CPU
		{89A0B35B-0C34-4BC0-BC7A-FC2EE2E2BC37}.Release|iPhoneSimulator.ActiveCfg = Release|Any CPU
		{89A0B35B-0C34-4BC0-BC7A-FC2EE2E2BC37}.Release|iPhoneSimulator.Build.0 = Release|Any CPU
		{89A0B35B-0C34-4BC0-BC7A-FC2EE2E2BC37}.Release|iPhoneSimulator.Deploy.0 = Release|Any CPU
		{89A0B35B-0C34-4BC0-BC7A-FC2EE2E2BC37}.Release|x64.ActiveCfg = Release|Any CPU
		{89A0B35B-0C34-4BC0-BC7A-FC2EE2E2BC37}.Release|x64.Build.0 = Release|Any CPU
		{89A0B35B-0C34-4BC0-BC7A-FC2EE2E2BC37}.Release|x64.Deploy.0 = Release|Any CPU
		{89A0B35B-0C34-4BC0-BC7A-FC2EE2E2BC37}.Release|x86.ActiveCfg = Release|Any CPU
		{89A0B35B-0C34-4BC0-BC7A-FC2EE2E2BC37}.Release|x86.Build.0 = Release|Any CPU
		{89A0B35B-0C34-4BC0-BC7A-FC2EE2E2BC37}.Release|x86.Deploy.0 = Release|Any CPU
		{C83007A0-0269-44C8-BE6F-1F1D57AE3221}.Debug|Any CPU.ActiveCfg = Debug|iPhoneSimulator
		{C83007A0-0269-44C8-BE6F-1F1D57AE3221}.Debug|Any CPU.Build.0 = Debug|iPhoneSimulator
		{C83007A0-0269-44C8-BE6F-1F1D57AE3221}.Debug|Any CPU.Deploy.0 = Debug|iPhoneSimulator
		{C83007A0-0269-44C8-BE6F-1F1D57AE3221}.Debug|ARM.ActiveCfg = Debug|iPhone
		{C83007A0-0269-44C8-BE6F-1F1D57AE3221}.Debug|ARM.Build.0 = Debug|iPhone
		{C83007A0-0269-44C8-BE6F-1F1D57AE3221}.Debug|ARM.Deploy.0 = Debug|iPhone
		{C83007A0-0269-44C8-BE6F-1F1D57AE3221}.Debug|iPhone.ActiveCfg = Debug|iPhone
		{C83007A0-0269-44C8-BE6F-1F1D57AE3221}.Debug|iPhone.Build.0 = Debug|iPhone
		{C83007A0-0269-44C8-BE6F-1F1D57AE3221}.Debug|iPhone.Deploy.0 = Debug|iPhone
		{C83007A0-0269-44C8-BE6F-1F1D57AE3221}.Debug|iPhoneSimulator.ActiveCfg = Debug|iPhoneSimulator
		{C83007A0-0269-44C8-BE6F-1F1D57AE3221}.Debug|iPhoneSimulator.Build.0 = Debug|iPhoneSimulator
		{C83007A0-0269-44C8-BE6F-1F1D57AE3221}.Debug|iPhoneSimulator.Deploy.0 = Debug|iPhoneSimulator
		{C83007A0-0269-44C8-BE6F-1F1D57AE3221}.Debug|x64.ActiveCfg = Debug|iPhoneSimulator
		{C83007A0-0269-44C8-BE6F-1F1D57AE3221}.Debug|x64.Build.0 = Debug|iPhoneSimulator
		{C83007A0-0269-44C8-BE6F-1F1D57AE3221}.Debug|x64.Deploy.0 = Debug|iPhoneSimulator
		{C83007A0-0269-44C8-BE6F-1F1D57AE3221}.Debug|x86.ActiveCfg = Debug|iPhoneSimulator
		{C83007A0-0269-44C8-BE6F-1F1D57AE3221}.Debug|x86.Build.0 = Debug|iPhoneSimulator
		{C83007A0-0269-44C8-BE6F-1F1D57AE3221}.Debug|x86.Deploy.0 = Debug|iPhoneSimulator
		{C83007A0-0269-44C8-BE6F-1F1D57AE3221}.Release|Any CPU.ActiveCfg = Release|iPhoneSimulator
		{C83007A0-0269-44C8-BE6F-1F1D57AE3221}.Release|Any CPU.Build.0 = Release|iPhoneSimulator
		{C83007A0-0269-44C8-BE6F-1F1D57AE3221}.Release|Any CPU.Deploy.0 = Release|iPhoneSimulator
		{C83007A0-0269-44C8-BE6F-1F1D57AE3221}.Release|ARM.ActiveCfg = Release|iPhoneSimulator
		{C83007A0-0269-44C8-BE6F-1F1D57AE3221}.Release|ARM.Build.0 = Release|iPhoneSimulator
		{C83007A0-0269-44C8-BE6F-1F1D57AE3221}.Release|ARM.Deploy.0 = Release|iPhoneSimulator
		{C83007A0-0269-44C8-BE6F-1F1D57AE3221}.Release|iPhone.ActiveCfg = Release|iPhone
		{C83007A0-0269-44C8-BE6F-1F1D57AE3221}.Release|iPhone.Build.0 = Release|iPhone
		{C83007A0-0269-44C8-BE6F-1F1D57AE3221}.Release|iPhone.Deploy.0 = Release|iPhone
		{C83007A0-0269-44C8-BE6F-1F1D57AE3221}.Release|iPhoneSimulator.ActiveCfg = Release|iPhoneSimulator
		{C83007A0-0269-44C8-BE6F-1F1D57AE3221}.Release|iPhoneSimulator.Build.0 = Release|iPhoneSimulator
		{C83007A0-0269-44C8-BE6F-1F1D57AE3221}.Release|iPhoneSimulator.Deploy.0 = Release|iPhoneSimulator
		{C83007A0-0269-44C8-BE6F-1F1D57AE3221}.Release|x64.ActiveCfg = Release|iPhoneSimulator
		{C83007A0-0269-44C8-BE6F-1F1D57AE3221}.Release|x64.Build.0 = Release|iPhoneSimulator
		{C83007A0-0269-44C8-BE6F-1F1D57AE3221}.Release|x64.Deploy.0 = Release|iPhoneSimulator
		{C83007A0-0269-44C8-BE6F-1F1D57AE3221}.Release|x86.ActiveCfg = Release|iPhoneSimulator
		{C83007A0-0269-44C8-BE6F-1F1D57AE3221}.Release|x86.Build.0 = Release|iPhoneSimulator
		{C83007A0-0269-44C8-BE6F-1F1D57AE3221}.Release|x86.Deploy.0 = Release|iPhoneSimulator
		{F870B8BB-E411-4A27-9B38-D2445F96BB36}.Debug|Any CPU.ActiveCfg = Debug|Any CPU
		{F870B8BB-E411-4A27-9B38-D2445F96BB36}.Debug|Any CPU.Build.0 = Debug|Any CPU
		{F870B8BB-E411-4A27-9B38-D2445F96BB36}.Debug|Any CPU.Deploy.0 = Debug|Any CPU
		{F870B8BB-E411-4A27-9B38-D2445F96BB36}.Debug|ARM.ActiveCfg = Debug|Any CPU
		{F870B8BB-E411-4A27-9B38-D2445F96BB36}.Debug|ARM.Build.0 = Debug|Any CPU
		{F870B8BB-E411-4A27-9B38-D2445F96BB36}.Debug|ARM.Deploy.0 = Debug|Any CPU
		{F870B8BB-E411-4A27-9B38-D2445F96BB36}.Debug|iPhone.ActiveCfg = Debug|Any CPU
		{F870B8BB-E411-4A27-9B38-D2445F96BB36}.Debug|iPhone.Build.0 = Debug|Any CPU
		{F870B8BB-E411-4A27-9B38-D2445F96BB36}.Debug|iPhone.Deploy.0 = Debug|Any CPU
		{F870B8BB-E411-4A27-9B38-D2445F96BB36}.Debug|iPhoneSimulator.ActiveCfg = Debug|Any CPU
		{F870B8BB-E411-4A27-9B38-D2445F96BB36}.Debug|iPhoneSimulator.Build.0 = Debug|Any CPU
		{F870B8BB-E411-4A27-9B38-D2445F96BB36}.Debug|iPhoneSimulator.Deploy.0 = Debug|Any CPU
		{F870B8BB-E411-4A27-9B38-D2445F96BB36}.Debug|x64.ActiveCfg = Debug|Any CPU
		{F870B8BB-E411-4A27-9B38-D2445F96BB36}.Debug|x64.Build.0 = Debug|Any CPU
		{F870B8BB-E411-4A27-9B38-D2445F96BB36}.Debug|x64.Deploy.0 = Debug|Any CPU
		{F870B8BB-E411-4A27-9B38-D2445F96BB36}.Debug|x86.ActiveCfg = Debug|Any CPU
		{F870B8BB-E411-4A27-9B38-D2445F96BB36}.Debug|x86.Build.0 = Debug|Any CPU
		{F870B8BB-E411-4A27-9B38-D2445F96BB36}.Debug|x86.Deploy.0 = Debug|Any CPU
		{F870B8BB-E411-4A27-9B38-D2445F96BB36}.Release|Any CPU.ActiveCfg = Release|Any CPU
		{F870B8BB-E411-4A27-9B38-D2445F96BB36}.Release|Any CPU.Build.0 = Release|Any CPU
		{F870B8BB-E411-4A27-9B38-D2445F96BB36}.Release|Any CPU.Deploy.0 = Release|Any CPU
		{F870B8BB-E411-4A27-9B38-D2445F96BB36}.Release|ARM.ActiveCfg = Release|Any CPU
		{F870B8BB-E411-4A27-9B38-D2445F96BB36}.Release|ARM.Build.0 = Release|Any CPU
		{F870B8BB-E411-4A27-9B38-D2445F96BB36}.Release|ARM.Deploy.0 = Release|Any CPU
		{F870B8BB-E411-4A27-9B38-D2445F96BB36}.Release|iPhone.ActiveCfg = Release|Any CPU
		{F870B8BB-E411-4A27-9B38-D2445F96BB36}.Release|iPhone.Build.0 = Release|Any CPU
		{F870B8BB-E411-4A27-9B38-D2445F96BB36}.Release|iPhone.Deploy.0 = Release|Any CPU
		{F870B8BB-E411-4A27-9B38-D2445F96BB36}.Release|iPhoneSimulator.ActiveCfg = Release|Any CPU
		{F870B8BB-E411-4A27-9B38-D2445F96BB36}.Release|iPhoneSimulator.Build.0 = Release|Any CPU
		{F870B8BB-E411-4A27-9B38-D2445F96BB36}.Release|iPhoneSimulator.Deploy.0 = Release|Any CPU
		{F870B8BB-E411-4A27-9B38-D2445F96BB36}.Release|x64.ActiveCfg = Release|Any CPU
		{F870B8BB-E411-4A27-9B38-D2445F96BB36}.Release|x64.Build.0 = Release|Any CPU
		{F870B8BB-E411-4A27-9B38-D2445F96BB36}.Release|x64.Deploy.0 = Release|Any CPU
		{F870B8BB-E411-4A27-9B38-D2445F96BB36}.Release|x86.ActiveCfg = Release|Any CPU
		{F870B8BB-E411-4A27-9B38-D2445F96BB36}.Release|x86.Build.0 = Release|Any CPU
		{F870B8BB-E411-4A27-9B38-D2445F96BB36}.Release|x86.Deploy.0 = Release|Any CPU
	EndGlobalSection
	GlobalSection(SolutionProperties) = preSolution
		HideSolutionNode = FALSE
	EndGlobalSection
	GlobalSection(ExtensibilityGlobals) = postSolution
		SolutionGuid = {9F968155-184D-40B7-BC6B-2703D2F8FDD9}
	EndGlobalSection
EndGlobal
